// !$*UTF8*$!
{
	archiveVersion = 1;
	classes = {
	};
	objectVersion = 50;
	objects = {

/* Begin PBXBuildFile section */
		CE061427217423190010A7CA /* AppDelegate.swift in Sources */ = {isa = PBXBuildFile; fileRef = CE061426217423190010A7CA /* AppDelegate.swift */; };
		CE061429217423190010A7CA /* ViewController.swift in Sources */ = {isa = PBXBuildFile; fileRef = CE061428217423190010A7CA /* ViewController.swift */; };
		CE06142C217423190010A7CA /* Main.storyboard in Resources */ = {isa = PBXBuildFile; fileRef = CE06142A217423190010A7CA /* Main.storyboard */; };
		CE06142E2174231F0010A7CA /* Assets.xcassets in Resources */ = {isa = PBXBuildFile; fileRef = CE06142D2174231F0010A7CA /* Assets.xcassets */; };
		CE0614312174231F0010A7CA /* LaunchScreen.storyboard in Resources */ = {isa = PBXBuildFile; fileRef = CE06142F2174231F0010A7CA /* LaunchScreen.storyboard */; };
/* End PBXBuildFile section */

/* Begin PBXFileReference section */
		CE061423217423190010A7CA /* Kunci jawaban pertanyaan di alam kubur.app */ = {isa = PBXFileReference; explicitFileType = wrapper.application; includeInIndex = 0; path = "Kunci jawaban pertanyaan di alam kubur.app"; sourceTree = BUILT_PRODUCTS_DIR; };
		CE061426217423190010A7CA /* AppDelegate.swift */ = {isa = PBXFileReference; lastKnownFileType = sourcecode.swift; path = AppDelegate.swift; sourceTree = "<group>"; };
		CE061428217423190010A7CA /* ViewController.swift */ = {isa = PBXFileReference; lastKnownFileType = sourcecode.swift; path = ViewController.swift; sourceTree = "<group>"; };
		CE06142B217423190010A7CA /* Base */ = {isa = PBXFileReference; lastKnownFileType = file.storyboard; name = Base; path = Base.lproj/Main.storyboard; sourceTree = "<group>"; };
		CE06142D2174231F0010A7CA /* Assets.xcassets */ = {isa = PBXFileReference; lastKnownFileType = folder.assetcatalog; path = Assets.xcassets; sourceTree = "<group>"; };
		CE0614302174231F0010A7CA /* Base */ = {isa = PBXFileReference; lastKnownFileType = file.storyboard; name = Base; path = Base.lproj/LaunchScreen.storyboard; sourceTree = "<group>"; };
		CE0614322174231F0010A7CA /* Info.plist */ = {isa = PBXFileReference; lastKnownFileType = text.plist.xml; path = Info.plist; sourceTree = "<group>"; };
/* End PBXFileReference section */

/* Begin PBXFrameworksBuildPhase section */
		CE061420217423190010A7CA /* Frameworks */ = {
			isa = PBXFrameworksBuildPhase;
			buildActionMask = 2147483647;
			files = (
			);
			runOnlyForDeploymentPostprocessing = 0;
		};
/* End PBXFrameworksBuildPhase section */

/* Begin PBXGroup section */
		CE06141A217423190010A7CA = {
			isa = PBXGroup;
			children = (
				CE061425217423190010A7CA /* Kunci jawaban pertanyaan di alam kubur */,
				CE061424217423190010A7CA /* Products */,
			);
			sourceTree = "<group>";
		};
		CE061424217423190010A7CA /* Products */ = {
			isa = PBXGroup;
			children = (
				CE061423217423190010A7CA /* Kunci jawaban pertanyaan di alam kubur.app */,
			);
			name = Products;
			sourceTree = "<group>";
		};
		CE061425217423190010A7CA /* Kunci jawaban pertanyaan di alam kubur */ = {
			isa = PBXGroup;
			children = (
				CE061426217423190010A7CA /* AppDelegate.swift */,
				CE061428217423190010A7CA /* ViewController.swift */,
				CE06142A217423190010A7CA /* Main.storyboard */,
				CE06142D2174231F0010A7CA /* Assets.xcassets */,
				CE06142F2174231F0010A7CA /* LaunchScreen.storyboard */,
				CE0614322174231F0010A7CA /* Info.plist */,
			);
			path = "Kunci jawaban pertanyaan di alam kubur";
			sourceTree = "<group>";
		};
/* End PBXGroup section */

/* Begin PBXNativeTarget section */
		CE061422217423190010A7CA /* Kunci jawaban pertanyaan di alam kubur */ = {
			isa = PBXNativeTarget;
			buildConfigurationList = CE0614352174231F0010A7CA /* Build configuration list for PBXNativeTarget "Kunci jawaban pertanyaan di alam kubur" */;
			buildPhases = (
				CE06141F217423190010A7CA /* Sources */,
				CE061420217423190010A7CA /* Frameworks */,
				CE061421217423190010A7CA /* Resources */,
			);
			buildRules = (
			);
			dependencies = (
			);
			name = "Kunci jawaban pertanyaan di alam kubur";
			productName = "Kunci jawaban pertanyaan di alam kubur";
			productReference = CE061423217423190010A7CA /* Kunci jawaban pertanyaan di alam kubur.app */;
			productType = "com.apple.product-type.application";
		};
/* End PBXNativeTarget section */

/* Begin PBXProject section */
		CE06141B217423190010A7CA /* Project object */ = {
			isa = PBXProject;
			attributes = {
				LastSwiftUpdateCheck = 0940;
				LastUpgradeCheck = 0940;
				ORGANIZATIONNAME = "cahaya Ilahi";
				TargetAttributes = {
					CE061422217423190010A7CA = {
						CreatedOnToolsVersion = 9.4;
					};
				};
			};
			buildConfigurationList = CE06141E217423190010A7CA /* Build configuration list for PBXProject "Kunci jawaban pertanyaan di alam kubur" */;
			compatibilityVersion = "Xcode 9.3";
			developmentRegion = en;
			hasScannedForEncodings = 0;
			knownRegions = (
				en,
				Base,
			);
			mainGroup = CE06141A217423190010A7CA;
			productRefGroup = CE061424217423190010A7CA /* Products */;
			projectDirPath = "";
			projectRoot = "";
			targets = (
				CE061422217423190010A7CA /* Kunci jawaban pertanyaan di alam kubur */,
			);
		};
/* End PBXProject section */

/* Begin PBXResourcesBuildPhase section */
		CE061421217423190010A7CA /* Resources */ = {
			isa = PBXResourcesBuildPhase;
			buildActionMask = 2147483647;
			files = (
				CE0614312174231F0010A7CA /* LaunchScreen.storyboard in Resources */,
				CE06142E2174231F0010A7CA /* Assets.xcassets in Resources */,
				CE06142C217423190010A7CA /* Main.storyboard in Resources */,
			);
			runOnlyForDeploymentPostprocessing = 0;
		};
/* End PBXResourcesBuildPhase section */

/* Begin PBXSourcesBuildPhase section */
		CE06141F217423190010A7CA /* Sources */ = {
			isa = PBXSourcesBuildPhase;
			buildActionMask = 2147483647;
			files = (
				CE061429217423190010A7CA /* ViewController.swift in Sources */,
				CE061427217423190010A7CA /* AppDelegate.swift in Sources */,
			);
			runOnlyForDeploymentPostprocessing = 0;
		};
/* End PBXSourcesBuildPhase section */

/* Begin PBXVariantGroup section */
		CE06142A217423190010A7CA /* Main.storyboard */ = {
			isa = PBXVariantGroup;
			children = (
				CE06142B217423190010A7CA /* Base */,
			);
			name = Main.storyboard;
			sourceTree = "<group>";
		};
		CE06142F2174231F0010A7CA /* LaunchScreen.storyboard */ = {
			isa = PBXVariantGroup;
			children = (
				CE0614302174231F0010A7CA /* Base */,
			);
			name = LaunchScreen.storyboard;
			sourceTree = "<group>";
		};
/* End PBXVariantGroup section */

/* Begin XCBuildConfiguration section */
		CE0614332174231F0010A7CA /* Debug */ = {
			isa = XCBuildConfiguration;
			buildSettings = {
				ALWAYS_SEARCH_USER_PATHS = NO;
				CLANG_ANALYZER_NONNULL = YES;
				CLANG_ANALYZER_NUMBER_OBJECT_CONVERSION = YES_AGGRESSIVE;
				CLANG_CXX_LANGUAGE_STANDARD = "gnu++14";
				CLANG_CXX_LIBRARY = "libc++";
				CLANG_ENABLE_MODULES = YES;
				CLANG_ENABLE_OBJC_ARC = YES;
				CLANG_ENABLE_OBJC_WEAK = YES;
				CLANG_WARN_BLOCK_CAPTURE_AUTORELEASING = YES;
				CLANG_WARN_BOOL_CONVERSION = YES;
				CLANG_WARN_COMMA = YES;
				CLANG_WARN_CONSTANT_CONVERSION = YES;
				CLANG_WARN_DEPRECATED_OBJC_IMPLEMENTATIONS = YES;
				CLANG_WARN_DIRECT_OBJC_ISA_USAGE = YES_ERROR;
				CLANG_WARN_DOCUMENTATION_COMMENTS = YES;
				CLANG_WARN_EMPTY_BODY = YES;
				CLANG_WARN_ENUM_CONVERSION = YES;
				CLANG_WARN_INFINITE_RECURSION = YES;
				CLANG_WARN_INT_CONVERSION = YES;
				CLANG_WARN_NON_LITERAL_NULL_CONVERSION = YES;
				CLANG_WARN_OBJC_IMPLICIT_RETAIN_SELF = YES;
				CLANG_WARN_OBJC_LITERAL_CONVERSION = YES;
				CLANG_WARN_OBJC_ROOT_CLASS = YES_ERROR;
				CLANG_WARN_RANGE_LOOP_ANALYSIS = YES;
				CLANG_WARN_STRICT_PROTOTYPES = YES;
				CLANG_WARN_SUSPICIOUS_MOVE = YES;
				CLANG_WARN_UNGUARDED_AVAILABILITY = YES_AGGRESSIVE;
				CLANG_WARN_UNREACHABLE_CODE = YES;
				CLANG_WARN__DUPLICATE_METHOD_MATCH = YES;
				CODE_SIGN_IDENTITY = "iPhone Developer";
				COPY_PHASE_STRIP = NO;
				DEBUG_INFORMATION_FORMAT = dwarf;
				ENABLE_STRICT_OBJC_MSGSEND = YES;
				ENABLE_TESTABILITY = YES;
				GCC_C_LANGUAGE_STANDARD = gnu11;
				GCC_DYNAMIC_NO_PIC = NO;
				GCC_NO_COMMON_BLOCKS = YES;
				GCC_OPTIMIZATION_LEVEL = 0;
				GCC_PREPROCESSOR_DEFINITIONS = (
					"DEBUG=1",
					"$(inherited)",
				);
				GCC_WARN_64_TO_32_BIT_CONVERSION = YES;
				GCC_WARN_ABOUT_RETURN_TYPE = YES_ERROR;
				GCC_WARN_UNDECLARED_SELECTOR = YES;
				GCC_WARN_UNINITIALIZED_AUTOS = YES_AGGRESSIVE;
				GCC_WARN_UNUSED_FUNCTION = YES;
				GCC_WARN_UNUSED_VARIABLE = YES;
				IPHONEOS_DEPLOYMENT_TARGET = 11.4;
				MTL_ENABLE_DEBUG_INFO = YES;
				ONLY_ACTIVE_ARCH = YES;
				SDKROOT = iphoneos;
				SWIFT_ACTIVE_COMPILATION_CONDITIONS = DEBUG;
				SWIFT_OPTIMIZATION_LEVEL = "-Onone";
			};
			name = Debug;
		};
		CE0614342174231F0010A7CA /* Release */ = {
			isa = XCBuildConfiguration;
			buildSettings = {
				ALWAYS_SEARCH_USER_PATHS = NO;
				CLANG_ANALYZER_NONNULL = YES;
				CLANG_ANALYZER_NUMBER_OBJECT_CONVERSION = YES_AGGRESSIVE;
				CLANG_CXX_LANGUAGE_STANDARD = "gnu++14";
				CLANG_CXX_LIBRARY = "libc++";
				CLANG_ENABLE_MODULES = YES;
				CLANG_ENABLE_OBJC_ARC = YES;
				CLANG_ENABLE_OBJC_WEAK = YES;
				CLANG_WARN_BLOCK_CAPTURE_AUTORELEASING = YES;
				CLANG_WARN_BOOL_CONVERSION = YES;
				CLANG_WARN_COMMA = YES;
				CLANG_WARN_CONSTANT_CONVERSION = YES;
				CLANG_WARN_DEPRECATED_OBJC_IMPLEMENTATIONS = YES;
				CLANG_WARN_DIRECT_OBJC_ISA_USAGE = YES_ERROR;
				CLANG_WARN_DOCUMENTATION_COMMENTS = YES;
				CLANG_WARN_EMPTY_BODY = YES;
				CLANG_WARN_ENUM_CONVERSION = YES;
				CLANG_WARN_INFINITE_RECURSION = YES;
				CLANG_WARN_INT_CONVERSION = YES;
				CLANG_WARN_NON_LITERAL_NULL_CONVERSION = YES;
				CLANG_WARN_OBJC_IMPLICIT_RETAIN_SELF = YES;
				CLANG_WARN_OBJC_LITERAL_CONVERSION = YES;
				CLANG_WARN_OBJC_ROOT_CLASS = YES_ERROR;
				CLANG_WARN_RANGE_LOOP_ANALYSIS = YES;
				CLANG_WARN_STRICT_PROTOTYPES = YES;
				CLANG_WARN_SUSPICIOUS_MOVE = YES;
				CLANG_WARN_UNGUARDED_AVAILABILITY = YES_AGGRESSIVE;
				CLANG_WARN_UNREACHABLE_CODE = YES;
				CLANG_WARN__DUPLICATE_METHOD_MATCH = YES;
				CODE_SIGN_IDENTITY = "iPhone Developer";
				COPY_PHASE_STRIP = NO;
				DEBUG_INFORMATION_FORMAT = "dwarf-with-dsym";
				ENABLE_NS_ASSERTIONS = NO;
				ENABLE_STRICT_OBJC_MSGSEND = YES;
				GCC_C_LANGUAGE_STANDARD = gnu11;
				GCC_NO_COMMON_BLOCKS = YES;
				GCC_WARN_64_TO_32_BIT_CONVERSION = YES;
				GCC_WARN_ABOUT_RETURN_TYPE = YES_ERROR;
				GCC_WARN_UNDECLARED_SELECTOR = YES;
				GCC_WARN_UNINITIALIZED_AUTOS = YES_AGGRESSIVE;
				GCC_WARN_UNUSED_FUNCTION = YES;
				GCC_WARN_UNUSED_VARIABLE = YES;
				IPHONEOS_DEPLOYMENT_TARGET = 11.4;
				MTL_ENABLE_DEBUG_INFO = NO;
				SDKROOT = iphoneos;
				SWIFT_COMPILATION_MODE = wholemodule;
				SWIFT_OPTIMIZATION_LEVEL = "-O";
				VALIDATE_PRODUCT = YES;
			};
			name = Release;
		};
		CE0614362174231F0010A7CA /* Debug */ = {
			isa = XCBuildConfiguration;
			buildSettings = {
				ASSETCATALOG_COMPILER_APPICON_NAME = AppIcon;
				CODE_SIGN_STYLE = Automatic;
				INFOPLIST_FILE = "Kunci jawaban pertanyaan di alam kubur/Info.plist";
				LD_RUNPATH_SEARCH_PATHS = (
					"$(inherited)",
					"@executable_path/Frameworks",
				);
				PRODUCT_BUNDLE_IDENTIFIER = "cahaya-Ilahi.Kunci-jawaban-pertanyaan-di-alam-kubur";
				PRODUCT_NAME = "$(TARGET_NAME)";
				SWIFT_VERSION = 4.0;
				TARGETED_DEVICE_FAMILY = "1,2";
			};
			name = Debug;
		};
		CE0614372174231F0010A7CA /* Release */ = {
			isa = XCBuildConfiguration;
			buildSettings = {
				ASSETCATALOG_COMPILER_APPICON_NAME = AppIcon;
				CODE_SIGN_STYLE = Automatic;
				INFOPLIST_FILE = "Kunci jawaban pertanyaan di alam kubur/Info.plist";
				LD_RUNPATH_SEARCH_PATHS = (
					"$(inherited)",
					"@executable_path/Frameworks",
				);
				PRODUCT_BUNDLE_IDENTIFIER = "cahaya-Ilahi.Kunci-jawaban-pertanyaan-di-alam-kubur";
				PRODUCT_NAME = "$(TARGET_NAME)";
				SWIFT_VERSION = 4.0;
				TARGETED_DEVICE_FAMILY = "1,2";
			};
			name = Release;
		};
/* End XCBuildConfiguration section */

/* Begin XCConfigurationList section */
		CE06141E217423190010A7CA /* Build configuration list for PBXProject "Kunci jawaban pertanyaan di alam kubur" */ = {
			isa = XCConfigurationList;
			buildConfigurations = (
				CE0614332174231F0010A7CA /* Debug */,
				CE0614342174231F0010A7CA /* Release */,
			);
			defaultConfigurationIsVisible = 0;
			defaultConfigurationName = Release;
		};
		CE0614352174231F0010A7CA /* Build configuration list for PBXNativeTarget "Kunci jawaban pertanyaan di alam kubur" */ = {
			isa = XCConfigurationList;
			buildConfigurations = (
				CE0614362174231F0010A7CA /* Debug */,
				CE0614372174231F0010A7CA /* Release */,
			);
			defaultConfigurationIsVisible = 0;
			defaultConfigurationName = Release;
		};
/* End XCConfigurationList section */
	};
	rootObject = CE06141B217423190010A7CA /* Project object */;
}
